
Microsoft Visual Studio Solution File, Format Version 11.00
# Visual Studio 2010
Project("{FAE04EC0-301F-11D3-BF4B-00C04F79EFBC}") = "Assembly-CSharp", "Assembly-CSharp.csproj", "{c73c4647-a5e8-38d3-412d-585b176b4709}"
EndProject
Project("{FAE04EC0-301F-11D3-BF4B-00C04F79EFBC}") = "UnityEngine.TestRunner", "UnityEngine.TestRunner.csproj", "{dad58e97-84b0-2615-23ad-c4ff3142c656}"
EndProject
Project("{FAE04EC0-301F-11D3-BF4B-00C04F79EFBC}") = "Unity.Timeline", "Unity.Timeline.csproj", "{1f27e6f6-a9d7-ebee-02c5-d437b900668f}"
EndProject
Project("{FAE04EC0-301F-11D3-BF4B-00C04F79EFBC}") = "UnityEngine.UI", "UnityEngine.UI.csproj", "{694c9732-119b-cf72-57a5-6553a3364a01}"
EndProject
Project("{FAE04EC0-301F-11D3-BF4B-00C04F79EFBC}") = "Unity.TextMeshPro", "Unity.TextMeshPro.csproj", "{bcbac592-0e88-be98-c0b6-d0c615c73dcf}"
EndProject
Project("{FAE04EC0-301F-11D3-BF4B-00C04F79EFBC}") = "UnityEditor.TestRunner", "UnityEditor.TestRunner.csproj", "{8690d7fd-204f-e33e-57e0-6011f1932ccc}"
EndProject
Project("{FAE04EC0-301F-11D3-BF4B-00C04F79EFBC}") = "Unity.PlasticSCM.Editor", "Unity.PlasticSCM.Editor.csproj", "{03d3d237-dfdb-24d6-3e28-636f97c6c535}"
EndProject
Project("{FAE04EC0-301F-11D3-BF4B-00C04F79EFBC}") = "UnityEditor.UI", "UnityEditor.UI.csproj", "{1d6a3a64-9c64-6b47-715a-b252c38e99ad}"
EndProject
Project("{FAE04EC0-301F-11D3-BF4B-00C04F79EFBC}") = "Unity.Timeline.Editor", "Unity.Timeline.Editor.csproj", "{baf2d563-88ff-222d-07b7-0d7f9ba7dc4e}"
EndProject
Project("{FAE04EC0-301F-11D3-BF4B-00C04F79EFBC}") = "Unity.VisualStudio.Editor", "Unity.VisualStudio.Editor.csproj", "{14adf691-f118-0c26-d0d3-bec6293b5840}"
EndProject
Project("{FAE04EC0-301F-11D3-BF4B-00C04F79EFBC}") = "Unity.TextMeshPro.Editor", "Unity.TextMeshPro.Editor.csproj", "{83d3c3ec-0d69-5a42-c48b-d0a395eab53b}"
EndProject
Project("{FAE04EC0-301F-11D3-BF4B-00C04F79EFBC}") = "Unity.CollabProxy.Editor", "Unity.CollabProxy.Editor.csproj", "{e9f36d39-2c95-4517-ee8c-0b1ec0c4ea46}"
EndProject
Project("{FAE04EC0-301F-11D3-BF4B-00C04F79EFBC}") = "Unity.Rider.Editor", "Unity.Rider.Editor.csproj", "{2769e356-1515-015f-e87f-e7eeef36977b}"
EndProject
Project("{FAE04EC0-301F-11D3-BF4B-00C04F79EFBC}") = "Unity.VSCode.Editor", "Unity.VSCode.Editor.csproj", "{b9d56bd9-0392-993a-89d7-e76e622fcffc}"
EndProject
Global
	GlobalSection(SolutionConfigurationPlatforms) = preSolution
		Debug|Any CPU = Debug|Any CPU
	EndGlobalSection
	GlobalSection(ProjectConfigurationPlatforms) = postSolution
		{c73c4647-a5e8-38d3-412d-585b176b4709}.Debug|Any CPU.ActiveCfg = Debug|Any CPU
		{c73c4647-a5e8-38d3-412d-585b176b4709}.Debug|Any CPU.Build.0 = Debug|Any CPU
		{dad58e97-84b0-2615-23ad-c4ff3142c656}.Debug|Any CPU.ActiveCfg = Debug|Any CPU
		{dad58e97-84b0-2615-23ad-c4ff3142c656}.Debug|Any CPU.Build.0 = Debug|Any CPU
		{1f27e6f6-a9d7-ebee-02c5-d437b900668f}.Debug|Any CPU.ActiveCfg = Debug|Any CPU
		{1f27e6f6-a9d7-ebee-02c5-d437b900668f}.Debug|Any CPU.Build.0 = Debug|Any CPU
		{694c9732-119b-cf72-57a5-6553a3364a01}.Debug|Any CPU.ActiveCfg = Debug|Any CPU
		{694c9732-119b-cf72-57a5-6553a3364a01}.Debug|Any CPU.Build.0 = Debug|Any CPU
		{bcbac592-0e88-be98-c0b6-d0c615c73dcf}.Debug|Any CPU.ActiveCfg = Debug|Any CPU
		{bcbac592-0e88-be98-c0b6-d0c615c73dcf}.Debug|Any CPU.Build.0 = Debug|Any CPU
		{8690d7fd-204f-e33e-57e0-6011f1932ccc}.Debug|Any CPU.ActiveCfg = Debug|Any CPU
		{8690d7fd-204f-e33e-57e0-6011f1932ccc}.Debug|Any CPU.Build.0 = Debug|Any CPU
		{03d3d237-dfdb-24d6-3e28-636f97c6c535}.Debug|Any CPU.ActiveCfg = Debug|Any CPU
		{03d3d237-dfdb-24d6-3e28-636f97c6c535}.Debug|Any CPU.Build.0 = Debug|Any CPU
		{1d6a3a64-9c64-6b47-715a-b252c38e99ad}.Debug|Any CPU.ActiveCfg = Debug|Any CPU
		{1d6a3a64-9c64-6b47-715a-b252c38e99ad}.Debug|Any CPU.Build.0 = Debug|Any CPU
		{baf2d563-88ff-222d-07b7-0d7f9ba7dc4e}.Debug|Any CPU.ActiveCfg = Debug|Any CPU
		{baf2d563-88ff-222d-07b7-0d7f9ba7dc4e}.Debug|Any CPU.Build.0 = Debug|Any CPU
		{14adf691-f118-0c26-d0d3-bec6293b5840}.Debug|Any CPU.ActiveCfg = Debug|Any CPU
		{14adf691-f118-0c26-d0d3-bec6293b5840}.Debug|Any CPU.Build.0 = Debug|Any CPU
		{83d3c3ec-0d69-5a42-c48b-d0a395eab53b}.Debug|Any CPU.ActiveCfg = Debug|Any CPU
		{83d3c3ec-0d69-5a42-c48b-d0a395eab53b}.Debug|Any CPU.Build.0 = Debug|Any CPU
		{e9f36d39-2c95-4517-ee8c-0b1ec0c4ea46}.Debug|Any CPU.ActiveCfg = Debug|Any CPU
		{e9f36d39-2c95-4517-ee8c-0b1ec0c4ea46}.Debug|Any CPU.Build.0 = Debug|Any CPU
		{2769e356-1515-015f-e87f-e7eeef36977b}.Debug|Any CPU.ActiveCfg = Debug|Any CPU
		{2769e356-1515-015f-e87f-e7eeef36977b}.Debug|Any CPU.Build.0 = Debug|Any CPU
		{b9d56bd9-0392-993a-89d7-e76e622fcffc}.Debug|Any CPU.ActiveCfg = Debug|Any CPU
		{b9d56bd9-0392-993a-89d7-e76e622fcffc}.Debug|Any CPU.Build.0 = Debug|Any CPU
	EndGlobalSection
	GlobalSection(SolutionProperties) = preSolution
		HideSolutionNode = FALSE
	EndGlobalSection
EndGlobal
